
Microsoft Visual Studio Solution File, Format Version 12.00
# Visual Studio Version 16
VisualStudioVersion = 16.0.30309.148
MinimumVisualStudioVersion = 10.0.40219.1
Project("{9A19103F-16F7-4668-BE54-9A1E7A4F7556}") = "MyPet.Domain", "Domain\MyPet.Domain\MyPet.Domain.csproj", "{926FB2D6-F046-4B7A-9BBD-E970AE11F82D}"
EndProject
Project("{9A19103F-16F7-4668-BE54-9A1E7A4F7556}") = "MyPet.Infrastructure", "Infrastructure\MyPet.Infrastructure\MyPet.Infrastructure.csproj", "{B6DD0D26-FDD7-4C56-955A-F80DE9FD0D68}"
EndProject
Project("{9A19103F-16F7-4668-BE54-9A1E7A4F7556}") = "MyPet.Application", "Application\MyPet.Application\MyPet.Application.csproj", "{FD535770-0764-4F51-979B-67007637A441}"
EndProject
Project("{FAE04EC0-301F-11D3-BF4B-00C04F79EFBC}") = "MyPet.Web", "Web\MyPet.Web\MyPet.Web.csproj", "{CBF305BA-2FDE-4343-8EC0-EF54D07DDBBB}"
EndProject
Global
	GlobalSection(SolutionConfigurationPlatforms) = preSolution
		Debug|Any CPU = Debug|Any CPU
		Release|Any CPU = Release|Any CPU
	EndGlobalSection
	GlobalSection(ProjectConfigurationPlatforms) = postSolution
		{926FB2D6-F046-4B7A-9BBD-E970AE11F82D}.Debug|Any CPU.ActiveCfg = Debug|Any CPU
		{926FB2D6-F046-4B7A-9BBD-E970AE11F82D}.Debug|Any CPU.Build.0 = Debug|Any CPU
		{926FB2D6-F046-4B7A-9BBD-E970AE11F82D}.Release|Any CPU.ActiveCfg = Release|Any CPU
		{926FB2D6-F046-4B7A-9BBD-E970AE11F82D}.Release|Any CPU.Build.0 = Release|Any CPU
		{B6DD0D26-FDD7-4C56-955A-F80DE9FD0D68}.Debug|Any CPU.ActiveCfg = Debug|Any CPU
		{B6DD0D26-FDD7-4C56-955A-F80DE9FD0D68}.Debug|Any CPU.Build.0 = Debug|Any CPU
		{B6DD0D26-FDD7-4C56-955A-F80DE9FD0D68}.Release|Any CPU.ActiveCfg = Release|Any CPU
		{B6DD0D26-FDD7-4C56-955A-F80DE9FD0D68}.Release|Any CPU.Build.0 = Release|Any CPU
		{FD535770-0764-4F51-979B-67007637A441}.Debug|Any CPU.ActiveCfg = Debug|Any CPU
		{FD535770-0764-4F51-979B-67007637A441}.Debug|Any CPU.Build.0 = Debug|Any CPU
		{FD535770-0764-4F51-979B-67007637A441}.Release|Any CPU.ActiveCfg = Release|Any CPU
		{FD535770-0764-4F51-979B-67007637A441}.Release|Any CPU.Build.0 = Release|Any CPU
		{CBF305BA-2FDE-4343-8EC0-EF54D07DDBBB}.Debug|Any CPU.ActiveCfg = Debug|Any CPU
		{CBF305BA-2FDE-4343-8EC0-EF54D07DDBBB}.Debug|Any CPU.Build.0 = Debug|Any CPU
		{CBF305BA-2FDE-4343-8EC0-EF54D07DDBBB}.Release|Any CPU.ActiveCfg = Release|Any CPU
		{CBF305BA-2FDE-4343-8EC0-EF54D07DDBBB}.Release|Any CPU.Build.0 = Release|Any CPU
	EndGlobalSection
	GlobalSection(SolutionProperties) = preSolution
		HideSolutionNode = FALSE
	EndGlobalSection
	GlobalSection(ExtensibilityGlobals) = postSolution
		SolutionGuid = {71F49411-B6C4-4099-984C-E214DE08E628}
	EndGlobalSection
EndGlobal
