
Microsoft Visual Studio Solution File, Format Version 12.00
# Visual Studio Version 16
VisualStudioVersion = 16.0.30309.148
MinimumVisualStudioVersion = 10.0.40219.1
Project("{9A19103F-16F7-4668-BE54-9A1E7A4F7556}") = "Core.Domain", "Core\Domain\MyPet.Domain\Core.Domain.csproj", "{926FB2D6-F046-4B7A-9BBD-E970AE11F82D}"
EndProject
Project("{9A19103F-16F7-4668-BE54-9A1E7A4F7556}") = "Core.Infrastructure", "Core\Infrastructure\MyPet.Infrastructure\Core.Infrastructure.csproj", "{B6DD0D26-FDD7-4C56-955A-F80DE9FD0D68}"
EndProject
Project("{9A19103F-16F7-4668-BE54-9A1E7A4F7556}") = "Core.Application", "Core\Application\MyPet.Application\Core.Application.csproj", "{FD535770-0764-4F51-979B-67007637A441}"
EndProject
Project("{9A19103F-16F7-4668-BE54-9A1E7A4F7556}") = "Core.Web", "Core\Web\MyPet.Web\Core.Web.csproj", "{CBF305BA-2FDE-4343-8EC0-EF54D07DDBBB}"
EndProject
Project("{9A19103F-16F7-4668-BE54-9A1E7A4F7556}") = "Core.Startup", "Core\Startup\MyPet.Startup\Core.Startup.csproj", "{8F87FB5F-4297-4587-81FA-D82C6FA18EDD}"
EndProject
Project("{2150E333-8FDC-42A3-9474-1A3956D46DE8}") = "Core", "Core", "{25FB4403-02BE-4C24-840A-8BCED1E02134}"
EndProject
Project("{2150E333-8FDC-42A3-9474-1A3956D46DE8}") = "Common", "Common", "{2BF4247F-17CC-4122-97DC-1C42FE3CF3AA}"
EndProject
Project("{9A19103F-16F7-4668-BE54-9A1E7A4F7556}") = "Common.Domain", "Common\Common.Domain\Common.Domain.csproj", "{69228907-B431-4F7C-BC1F-F1D4FA5066F2}"
EndProject
Project("{9A19103F-16F7-4668-BE54-9A1E7A4F7556}") = "Common.Application", "Common\Common.Application\Common.Application.csproj", "{3451819C-7F57-4562-8EDB-21106B8887B4}"
EndProject
Project("{9A19103F-16F7-4668-BE54-9A1E7A4F7556}") = "Common.Infrastructure", "Common\Common.Infrastructure\Common.Infrastructure.csproj", "{7C7F58BE-B932-43B1-9FD1-16D5559EBEE5}"
EndProject
Project("{FAE04EC0-301F-11D3-BF4B-00C04F79EFBC}") = "Common.Web", "Common\Common.Web\Common.Web.csproj", "{6365E244-845C-4F50-982B-2C03A191A69E}"
EndProject
Global
	GlobalSection(SolutionConfigurationPlatforms) = preSolution
		Debug|Any CPU = Debug|Any CPU
		Release|Any CPU = Release|Any CPU
	EndGlobalSection
	GlobalSection(ProjectConfigurationPlatforms) = postSolution
		{926FB2D6-F046-4B7A-9BBD-E970AE11F82D}.Debug|Any CPU.ActiveCfg = Debug|Any CPU
		{926FB2D6-F046-4B7A-9BBD-E970AE11F82D}.Debug|Any CPU.Build.0 = Debug|Any CPU
		{926FB2D6-F046-4B7A-9BBD-E970AE11F82D}.Release|Any CPU.ActiveCfg = Release|Any CPU
		{926FB2D6-F046-4B7A-9BBD-E970AE11F82D}.Release|Any CPU.Build.0 = Release|Any CPU
		{B6DD0D26-FDD7-4C56-955A-F80DE9FD0D68}.Debug|Any CPU.ActiveCfg = Debug|Any CPU
		{B6DD0D26-FDD7-4C56-955A-F80DE9FD0D68}.Debug|Any CPU.Build.0 = Debug|Any CPU
		{B6DD0D26-FDD7-4C56-955A-F80DE9FD0D68}.Release|Any CPU.ActiveCfg = Release|Any CPU
		{B6DD0D26-FDD7-4C56-955A-F80DE9FD0D68}.Release|Any CPU.Build.0 = Release|Any CPU
		{FD535770-0764-4F51-979B-67007637A441}.Debug|Any CPU.ActiveCfg = Debug|Any CPU
		{FD535770-0764-4F51-979B-67007637A441}.Debug|Any CPU.Build.0 = Debug|Any CPU
		{FD535770-0764-4F51-979B-67007637A441}.Release|Any CPU.ActiveCfg = Release|Any CPU
		{FD535770-0764-4F51-979B-67007637A441}.Release|Any CPU.Build.0 = Release|Any CPU
		{CBF305BA-2FDE-4343-8EC0-EF54D07DDBBB}.Debug|Any CPU.ActiveCfg = Debug|Any CPU
		{CBF305BA-2FDE-4343-8EC0-EF54D07DDBBB}.Debug|Any CPU.Build.0 = Debug|Any CPU
		{CBF305BA-2FDE-4343-8EC0-EF54D07DDBBB}.Release|Any CPU.ActiveCfg = Release|Any CPU
		{CBF305BA-2FDE-4343-8EC0-EF54D07DDBBB}.Release|Any CPU.Build.0 = Release|Any CPU
		{8F87FB5F-4297-4587-81FA-D82C6FA18EDD}.Debug|Any CPU.ActiveCfg = Debug|Any CPU
		{8F87FB5F-4297-4587-81FA-D82C6FA18EDD}.Debug|Any CPU.Build.0 = Debug|Any CPU
		{8F87FB5F-4297-4587-81FA-D82C6FA18EDD}.Release|Any CPU.ActiveCfg = Release|Any CPU
		{8F87FB5F-4297-4587-81FA-D82C6FA18EDD}.Release|Any CPU.Build.0 = Release|Any CPU
		{69228907-B431-4F7C-BC1F-F1D4FA5066F2}.Debug|Any CPU.ActiveCfg = Debug|Any CPU
		{69228907-B431-4F7C-BC1F-F1D4FA5066F2}.Debug|Any CPU.Build.0 = Debug|Any CPU
		{69228907-B431-4F7C-BC1F-F1D4FA5066F2}.Release|Any CPU.ActiveCfg = Release|Any CPU
		{69228907-B431-4F7C-BC1F-F1D4FA5066F2}.Release|Any CPU.Build.0 = Release|Any CPU
		{3451819C-7F57-4562-8EDB-21106B8887B4}.Debug|Any CPU.ActiveCfg = Debug|Any CPU
		{3451819C-7F57-4562-8EDB-21106B8887B4}.Debug|Any CPU.Build.0 = Debug|Any CPU
		{3451819C-7F57-4562-8EDB-21106B8887B4}.Release|Any CPU.ActiveCfg = Release|Any CPU
		{3451819C-7F57-4562-8EDB-21106B8887B4}.Release|Any CPU.Build.0 = Release|Any CPU
		{7C7F58BE-B932-43B1-9FD1-16D5559EBEE5}.Debug|Any CPU.ActiveCfg = Debug|Any CPU
		{7C7F58BE-B932-43B1-9FD1-16D5559EBEE5}.Debug|Any CPU.Build.0 = Debug|Any CPU
		{7C7F58BE-B932-43B1-9FD1-16D5559EBEE5}.Release|Any CPU.ActiveCfg = Release|Any CPU
		{7C7F58BE-B932-43B1-9FD1-16D5559EBEE5}.Release|Any CPU.Build.0 = Release|Any CPU
		{6365E244-845C-4F50-982B-2C03A191A69E}.Debug|Any CPU.ActiveCfg = Debug|Any CPU
		{6365E244-845C-4F50-982B-2C03A191A69E}.Debug|Any CPU.Build.0 = Debug|Any CPU
		{6365E244-845C-4F50-982B-2C03A191A69E}.Release|Any CPU.ActiveCfg = Release|Any CPU
		{6365E244-845C-4F50-982B-2C03A191A69E}.Release|Any CPU.Build.0 = Release|Any CPU
	EndGlobalSection
	GlobalSection(SolutionProperties) = preSolution
		HideSolutionNode = FALSE
	EndGlobalSection
	GlobalSection(NestedProjects) = preSolution
		{926FB2D6-F046-4B7A-9BBD-E970AE11F82D} = {25FB4403-02BE-4C24-840A-8BCED1E02134}
		{B6DD0D26-FDD7-4C56-955A-F80DE9FD0D68} = {25FB4403-02BE-4C24-840A-8BCED1E02134}
		{FD535770-0764-4F51-979B-67007637A441} = {25FB4403-02BE-4C24-840A-8BCED1E02134}
		{CBF305BA-2FDE-4343-8EC0-EF54D07DDBBB} = {25FB4403-02BE-4C24-840A-8BCED1E02134}
		{8F87FB5F-4297-4587-81FA-D82C6FA18EDD} = {25FB4403-02BE-4C24-840A-8BCED1E02134}
		{69228907-B431-4F7C-BC1F-F1D4FA5066F2} = {2BF4247F-17CC-4122-97DC-1C42FE3CF3AA}
		{3451819C-7F57-4562-8EDB-21106B8887B4} = {2BF4247F-17CC-4122-97DC-1C42FE3CF3AA}
		{7C7F58BE-B932-43B1-9FD1-16D5559EBEE5} = {2BF4247F-17CC-4122-97DC-1C42FE3CF3AA}
		{6365E244-845C-4F50-982B-2C03A191A69E} = {2BF4247F-17CC-4122-97DC-1C42FE3CF3AA}
	EndGlobalSection
	GlobalSection(ExtensibilityGlobals) = postSolution
		SolutionGuid = {71F49411-B6C4-4099-984C-E214DE08E628}
	EndGlobalSection
EndGlobal
